
Microsoft Visual Studio Solution File, Format Version 12.00
Project("{FAE04EC0-301F-11D3-BF4B-00C04F79EFBC}") = "SupportChat.Api", "SupportChat.Api\SupportChat.Api.csproj", "{EADE69C0-55B6-420A-8652-7E96BD89561D}"
EndProject
Project("{FAE04EC0-301F-11D3-BF4B-00C04F79EFBC}") = "SupportChat.Core", "SupportChat.Core\SupportChat.Core.csproj", "{A3F9960B-88A0-4BFD-BB6E-7E0C4F868899}"
EndProject
Project("{FAE04EC0-301F-11D3-BF4B-00C04F79EFBC}") = "SupportChat.Infrastructure", "SupportChat.Infrastructure\SupportChat.Infrastructure.csproj", "{08B28D23-EF23-4C3A-8646-4F20D28D7867}"
EndProject
Global
	GlobalSection(SolutionConfigurationPlatforms) = preSolution
		Debug|Any CPU = Debug|Any CPU
		Release|Any CPU = Release|Any CPU
	EndGlobalSection
	GlobalSection(ProjectConfigurationPlatforms) = postSolution
		{EADE69C0-55B6-420A-8652-7E96BD89561D}.Debug|Any CPU.ActiveCfg = Debug|Any CPU
		{EADE69C0-55B6-420A-8652-7E96BD89561D}.Debug|Any CPU.Build.0 = Debug|Any CPU
		{EADE69C0-55B6-420A-8652-7E96BD89561D}.Release|Any CPU.ActiveCfg = Release|Any CPU
		{EADE69C0-55B6-420A-8652-7E96BD89561D}.Release|Any CPU.Build.0 = Release|Any CPU
		{A3F9960B-88A0-4BFD-BB6E-7E0C4F868899}.Debug|Any CPU.ActiveCfg = Debug|Any CPU
		{A3F9960B-88A0-4BFD-BB6E-7E0C4F868899}.Debug|Any CPU.Build.0 = Debug|Any CPU
		{A3F9960B-88A0-4BFD-BB6E-7E0C4F868899}.Release|Any CPU.ActiveCfg = Release|Any CPU
		{A3F9960B-88A0-4BFD-BB6E-7E0C4F868899}.Release|Any CPU.Build.0 = Release|Any CPU
		{08B28D23-EF23-4C3A-8646-4F20D28D7867}.Debug|Any CPU.ActiveCfg = Debug|Any CPU
		{08B28D23-EF23-4C3A-8646-4F20D28D7867}.Debug|Any CPU.Build.0 = Debug|Any CPU
		{08B28D23-EF23-4C3A-8646-4F20D28D7867}.Release|Any CPU.ActiveCfg = Release|Any CPU
		{08B28D23-EF23-4C3A-8646-4F20D28D7867}.Release|Any CPU.Build.0 = Release|Any CPU
	EndGlobalSection
EndGlobal
